// !$*UTF8*$!
{
	archiveVersion = 1;
	classes = {
	};
	objectVersion = 50;
	objects = {

/* Begin PBXBuildFile section */
		ADA30306362B4963285C8EFE /* Pods_PixelCity.framework in Frameworks */ = {isa = PBXBuildFile; fileRef = 0E285A3F943F5C3572BB1230 /* Pods_PixelCity.framework */; };
		CEF78EDA2320BFFD000E9FC4 /* AppDelegate.swift in Sources */ = {isa = PBXBuildFile; fileRef = CEF78ED92320BFFD000E9FC4 /* AppDelegate.swift */; };
		CEF78EDC2320BFFD000E9FC4 /* MapVC.swift in Sources */ = {isa = PBXBuildFile; fileRef = CEF78EDB2320BFFD000E9FC4 /* MapVC.swift */; };
		CEF78EDF2320BFFD000E9FC4 /* Main.storyboard in Resources */ = {isa = PBXBuildFile; fileRef = CEF78EDD2320BFFD000E9FC4 /* Main.storyboard */; };
		CEF78EE12320BFFF000E9FC4 /* Assets.xcassets in Resources */ = {isa = PBXBuildFile; fileRef = CEF78EE02320BFFF000E9FC4 /* Assets.xcassets */; };
		CEF78EE42320BFFF000E9FC4 /* LaunchScreen.storyboard in Resources */ = {isa = PBXBuildFile; fileRef = CEF78EE22320BFFF000E9FC4 /* LaunchScreen.storyboard */; };
/* End PBXBuildFile section */

/* Begin PBXFileReference section */
		0E285A3F943F5C3572BB1230 /* Pods_PixelCity.framework */ = {isa = PBXFileReference; explicitFileType = wrapper.framework; includeInIndex = 0; path = Pods_PixelCity.framework; sourceTree = BUILT_PRODUCTS_DIR; };
		A31E04B815F9AECBCC45F7A1 /* Pods-PixelCity.release.xcconfig */ = {isa = PBXFileReference; includeInIndex = 1; lastKnownFileType = text.xcconfig; name = "Pods-PixelCity.release.xcconfig"; path = "Target Support Files/Pods-PixelCity/Pods-PixelCity.release.xcconfig"; sourceTree = "<group>"; };
		CEF78ED62320BFFD000E9FC4 /* PixelCity.app */ = {isa = PBXFileReference; explicitFileType = wrapper.application; includeInIndex = 0; path = PixelCity.app; sourceTree = BUILT_PRODUCTS_DIR; };
		CEF78ED92320BFFD000E9FC4 /* AppDelegate.swift */ = {isa = PBXFileReference; lastKnownFileType = sourcecode.swift; path = AppDelegate.swift; sourceTree = "<group>"; };
		CEF78EDB2320BFFD000E9FC4 /* MapVC.swift */ = {isa = PBXFileReference; lastKnownFileType = sourcecode.swift; path = MapVC.swift; sourceTree = "<group>"; };
		CEF78EDE2320BFFD000E9FC4 /* Base */ = {isa = PBXFileReference; lastKnownFileType = file.storyboard; name = Base; path = Base.lproj/Main.storyboard; sourceTree = "<group>"; };
		CEF78EE02320BFFF000E9FC4 /* Assets.xcassets */ = {isa = PBXFileReference; lastKnownFileType = folder.assetcatalog; path = Assets.xcassets; sourceTree = "<group>"; };
		CEF78EE32320BFFF000E9FC4 /* Base */ = {isa = PBXFileReference; lastKnownFileType = file.storyboard; name = Base; path = Base.lproj/LaunchScreen.storyboard; sourceTree = "<group>"; };
		CEF78EE52320BFFF000E9FC4 /* Info.plist */ = {isa = PBXFileReference; lastKnownFileType = text.plist.xml; path = Info.plist; sourceTree = "<group>"; };
		F0C38B0A10EC33A6016688D8 /* Pods-PixelCity.debug.xcconfig */ = {isa = PBXFileReference; includeInIndex = 1; lastKnownFileType = text.xcconfig; name = "Pods-PixelCity.debug.xcconfig"; path = "Target Support Files/Pods-PixelCity/Pods-PixelCity.debug.xcconfig"; sourceTree = "<group>"; };
/* End PBXFileReference section */

/* Begin PBXFrameworksBuildPhase section */
		CEF78ED32320BFFD000E9FC4 /* Frameworks */ = {
			isa = PBXFrameworksBuildPhase;
			buildActionMask = 2147483647;
			files = (
				ADA30306362B4963285C8EFE /* Pods_PixelCity.framework in Frameworks */,
			);
			runOnlyForDeploymentPostprocessing = 0;
		};
/* End PBXFrameworksBuildPhase section */

/* Begin PBXGroup section */
		23061B742F1C9A6AD8E40573 /* Pods */ = {
			isa = PBXGroup;
			children = (
				F0C38B0A10EC33A6016688D8 /* Pods-PixelCity.debug.xcconfig */,
				A31E04B815F9AECBCC45F7A1 /* Pods-PixelCity.release.xcconfig */,
			);
			name = Pods;
			path = Pods;
			sourceTree = "<group>";
		};
		CEF78ECD2320BFFD000E9FC4 = {
			isa = PBXGroup;
			children = (
				CEF78ED82320BFFD000E9FC4 /* PixelCity */,
				CEF78ED72320BFFD000E9FC4 /* Products */,
				23061B742F1C9A6AD8E40573 /* Pods */,
				F574EA410E3B5BCEDBE6D631 /* Frameworks */,
			);
			sourceTree = "<group>";
		};
		CEF78ED72320BFFD000E9FC4 /* Products */ = {
			isa = PBXGroup;
			children = (
				CEF78ED62320BFFD000E9FC4 /* PixelCity.app */,
			);
			name = Products;
			sourceTree = "<group>";
		};
		CEF78ED82320BFFD000E9FC4 /* PixelCity */ = {
			isa = PBXGroup;
			children = (
				CEF78EEE2320C6DE000E9FC4 /* Utilities */,
				CEF78EED2320C6BD000E9FC4 /* Extensions */,
				CEF78EEC2320C6B5000E9FC4 /* View */,
				CEF78EEB2320C67E000E9FC4 /* Controller */,
				CEF78ED92320BFFD000E9FC4 /* AppDelegate.swift */,
				CEF78EDD2320BFFD000E9FC4 /* Main.storyboard */,
				CEF78EE02320BFFF000E9FC4 /* Assets.xcassets */,
				CEF78EE22320BFFF000E9FC4 /* LaunchScreen.storyboard */,
				CEF78EE52320BFFF000E9FC4 /* Info.plist */,
			);
			path = PixelCity;
			sourceTree = "<group>";
		};
		CEF78EEB2320C67E000E9FC4 /* Controller */ = {
			isa = PBXGroup;
			children = (
				CEF78EDB2320BFFD000E9FC4 /* MapVC.swift */,
			);
			path = Controller;
			sourceTree = "<group>";
		};
		CEF78EEC2320C6B5000E9FC4 /* View */ = {
			isa = PBXGroup;
			children = (
			);
			path = View;
			sourceTree = "<group>";
		};
		CEF78EED2320C6BD000E9FC4 /* Extensions */ = {
			isa = PBXGroup;
			children = (
			);
			path = Extensions;
			sourceTree = "<group>";
		};
		CEF78EEE2320C6DE000E9FC4 /* Utilities */ = {
			isa = PBXGroup;
			children = (
			);
			path = Utilities;
			sourceTree = "<group>";
		};
		F574EA410E3B5BCEDBE6D631 /* Frameworks */ = {
			isa = PBXGroup;
			children = (
				0E285A3F943F5C3572BB1230 /* Pods_PixelCity.framework */,
			);
			name = Frameworks;
			sourceTree = "<group>";
		};
/* End PBXGroup section */

/* Begin PBXNativeTarget section */
		CEF78ED52320BFFD000E9FC4 /* PixelCity */ = {
			isa = PBXNativeTarget;
			buildConfigurationList = CEF78EE82320BFFF000E9FC4 /* Build configuration list for PBXNativeTarget "PixelCity" */;
			buildPhases = (
				A8CD851E4B922145F00CF8AE /* [CP] Check Pods Manifest.lock */,
				CEF78ED22320BFFD000E9FC4 /* Sources */,
				CEF78ED32320BFFD000E9FC4 /* Frameworks */,
				CEF78ED42320BFFD000E9FC4 /* Resources */,
				AB859941F81BCD067B0A7613 /* [CP] Embed Pods Frameworks */,
			);
			buildRules = (
			);
			dependencies = (
			);
			name = PixelCity;
			productName = PixelCity;
			productReference = CEF78ED62320BFFD000E9FC4 /* PixelCity.app */;
			productType = "com.apple.product-type.application";
		};
/* End PBXNativeTarget section */

/* Begin PBXProject section */
		CEF78ECE2320BFFD000E9FC4 /* Project object */ = {
			isa = PBXProject;
			attributes = {
				LastSwiftUpdateCheck = 1030;
				LastUpgradeCheck = 1030;
				ORGANIZATIONNAME = leslie;
				TargetAttributes = {
					CEF78ED52320BFFD000E9FC4 = {
						CreatedOnToolsVersion = 10.3;
					};
				};
			};
			buildConfigurationList = CEF78ED12320BFFD000E9FC4 /* Build configuration list for PBXProject "PixelCity" */;
			compatibilityVersion = "Xcode 9.3";
			developmentRegion = en;
			hasScannedForEncodings = 0;
			knownRegions = (
				en,
				Base,
			);
			mainGroup = CEF78ECD2320BFFD000E9FC4;
			productRefGroup = CEF78ED72320BFFD000E9FC4 /* Products */;
			projectDirPath = "";
			projectRoot = "";
			targets = (
				CEF78ED52320BFFD000E9FC4 /* PixelCity */,
			);
		};
/* End PBXProject section */

/* Begin PBXResourcesBuildPhase section */
		CEF78ED42320BFFD000E9FC4 /* Resources */ = {
			isa = PBXResourcesBuildPhase;
			buildActionMask = 2147483647;
			files = (
				CEF78EE42320BFFF000E9FC4 /* LaunchScreen.storyboard in Resources */,
				CEF78EE12320BFFF000E9FC4 /* Assets.xcassets in Resources */,
				CEF78EDF2320BFFD000E9FC4 /* Main.storyboard in Resources */,
			);
			runOnlyForDeploymentPostprocessing = 0;
		};
/* End PBXResourcesBuildPhase section */

/* Begin PBXShellScriptBuildPhase section */
		A8CD851E4B922145F00CF8AE /* [CP] Check Pods Manifest.lock */ = {
			isa = PBXShellScriptBuildPhase;
			buildActionMask = 2147483647;
			files = (
			);
			inputFileListPaths = (
			);
			inputPaths = (
				"${PODS_PODFILE_DIR_PATH}/Podfile.lock",
				"${PODS_ROOT}/Manifest.lock",
			);
			name = "[CP] Check Pods Manifest.lock";
			outputFileListPaths = (
			);
			outputPaths = (
				"$(DERIVED_FILE_DIR)/Pods-PixelCity-checkManifestLockResult.txt",
			);
			runOnlyForDeploymentPostprocessing = 0;
			shellPath = /bin/sh;
			shellScript = "diff \"${PODS_PODFILE_DIR_PATH}/Podfile.lock\" \"${PODS_ROOT}/Manifest.lock\" > /dev/null\nif [ $? != 0 ] ; then\n    # print error to STDERR\n    echo \"error: The sandbox is not in sync with the Podfile.lock. Run 'pod install' or update your CocoaPods installation.\" >&2\n    exit 1\nfi\n# This output is used by Xcode 'outputs' to avoid re-running this script phase.\necho \"SUCCESS\" > \"${SCRIPT_OUTPUT_FILE_0}\"\n";
			showEnvVarsInLog = 0;
		};
		AB859941F81BCD067B0A7613 /* [CP] Embed Pods Frameworks */ = {
			isa = PBXShellScriptBuildPhase;
			buildActionMask = 2147483647;
			files = (
			);
			inputFileListPaths = (
				"${PODS_ROOT}/Target Support Files/Pods-PixelCity/Pods-PixelCity-frameworks-${CONFIGURATION}-input-files.xcfilelist",
			);
			name = "[CP] Embed Pods Frameworks";
			outputFileListPaths = (
				"${PODS_ROOT}/Target Support Files/Pods-PixelCity/Pods-PixelCity-frameworks-${CONFIGURATION}-output-files.xcfilelist",
			);
			runOnlyForDeploymentPostprocessing = 0;
			shellPath = /bin/sh;
			shellScript = "\"${PODS_ROOT}/Target Support Files/Pods-PixelCity/Pods-PixelCity-frameworks.sh\"\n";
			showEnvVarsInLog = 0;
		};
/* End PBXShellScriptBuildPhase section */

/* Begin PBXSourcesBuildPhase section */
		CEF78ED22320BFFD000E9FC4 /* Sources */ = {
			isa = PBXSourcesBuildPhase;
			buildActionMask = 2147483647;
			files = (
				CEF78EDC2320BFFD000E9FC4 /* MapVC.swift in Sources */,
				CEF78EDA2320BFFD000E9FC4 /* AppDelegate.swift in Sources */,
			);
			runOnlyForDeploymentPostprocessing = 0;
		};
/* End PBXSourcesBuildPhase section */

/* Begin PBXVariantGroup section */
		CEF78EDD2320BFFD000E9FC4 /* Main.storyboard */ = {
			isa = PBXVariantGroup;
			children = (
				CEF78EDE2320BFFD000E9FC4 /* Base */,
			);
			name = Main.storyboard;
			sourceTree = "<group>";
		};
		CEF78EE22320BFFF000E9FC4 /* LaunchScreen.storyboard */ = {
			isa = PBXVariantGroup;
			children = (
				CEF78EE32320BFFF000E9FC4 /* Base */,
			);
			name = LaunchScreen.storyboard;
			sourceTree = "<group>";
		};
/* End PBXVariantGroup section */

/* Begin XCBuildConfiguration section */
		CEF78EE62320BFFF000E9FC4 /* Debug */ = {
			isa = XCBuildConfiguration;
			buildSettings = {
				ALWAYS_SEARCH_USER_PATHS = NO;
				CLANG_ANALYZER_NONNULL = YES;
				CLANG_ANALYZER_NUMBER_OBJECT_CONVERSION = YES_AGGRESSIVE;
				CLANG_CXX_LANGUAGE_STANDARD = "gnu++14";
				CLANG_CXX_LIBRARY = "libc++";
				CLANG_ENABLE_MODULES = YES;
				CLANG_ENABLE_OBJC_ARC = YES;
				CLANG_ENABLE_OBJC_WEAK = YES;
				CLANG_WARN_BLOCK_CAPTURE_AUTORELEASING = YES;
				CLANG_WARN_BOOL_CONVERSION = YES;
				CLANG_WARN_COMMA = YES;
				CLANG_WARN_CONSTANT_CONVERSION = YES;
				CLANG_WARN_DEPRECATED_OBJC_IMPLEMENTATIONS = YES;
				CLANG_WARN_DIRECT_OBJC_ISA_USAGE = YES_ERROR;
				CLANG_WARN_DOCUMENTATION_COMMENTS = YES;
				CLANG_WARN_EMPTY_BODY = YES;
				CLANG_WARN_ENUM_CONVERSION = YES;
				CLANG_WARN_INFINITE_RECURSION = YES;
				CLANG_WARN_INT_CONVERSION = YES;
				CLANG_WARN_NON_LITERAL_NULL_CONVERSION = YES;
				CLANG_WARN_OBJC_IMPLICIT_RETAIN_SELF = YES;
				CLANG_WARN_OBJC_LITERAL_CONVERSION = YES;
				CLANG_WARN_OBJC_ROOT_CLASS = YES_ERROR;
				CLANG_WARN_RANGE_LOOP_ANALYSIS = YES;
				CLANG_WARN_STRICT_PROTOTYPES = YES;
				CLANG_WARN_SUSPICIOUS_MOVE = YES;
				CLANG_WARN_UNGUARDED_AVAILABILITY = YES_AGGRESSIVE;
				CLANG_WARN_UNREACHABLE_CODE = YES;
				CLANG_WARN__DUPLICATE_METHOD_MATCH = YES;
				CODE_SIGN_IDENTITY = "iPhone Developer";
				COPY_PHASE_STRIP = NO;
				DEBUG_INFORMATION_FORMAT = dwarf;
				ENABLE_STRICT_OBJC_MSGSEND = YES;
				ENABLE_TESTABILITY = YES;
				GCC_C_LANGUAGE_STANDARD = gnu11;
				GCC_DYNAMIC_NO_PIC = NO;
				GCC_NO_COMMON_BLOCKS = YES;
				GCC_OPTIMIZATION_LEVEL = 0;
				GCC_PREPROCESSOR_DEFINITIONS = (
					"DEBUG=1",
					"$(inherited)",
				);
				GCC_WARN_64_TO_32_BIT_CONVERSION = YES;
				GCC_WARN_ABOUT_RETURN_TYPE = YES_ERROR;
				GCC_WARN_UNDECLARED_SELECTOR = YES;
				GCC_WARN_UNINITIALIZED_AUTOS = YES_AGGRESSIVE;
				GCC_WARN_UNUSED_FUNCTION = YES;
				GCC_WARN_UNUSED_VARIABLE = YES;
				IPHONEOS_DEPLOYMENT_TARGET = 12.4;
				MTL_ENABLE_DEBUG_INFO = INCLUDE_SOURCE;
				MTL_FAST_MATH = YES;
				ONLY_ACTIVE_ARCH = YES;
				SDKROOT = iphoneos;
				SWIFT_ACTIVE_COMPILATION_CONDITIONS = DEBUG;
				SWIFT_OPTIMIZATION_LEVEL = "-Onone";
			};
			name = Debug;
		};
		CEF78EE72320BFFF000E9FC4 /* Release */ = {
			isa = XCBuildConfiguration;
			buildSettings = {
				ALWAYS_SEARCH_USER_PATHS = NO;
				CLANG_ANALYZER_NONNULL = YES;
				CLANG_ANALYZER_NUMBER_OBJECT_CONVERSION = YES_AGGRESSIVE;
				CLANG_CXX_LANGUAGE_STANDARD = "gnu++14";
				CLANG_CXX_LIBRARY = "libc++";
				CLANG_ENABLE_MODULES = YES;
				CLANG_ENABLE_OBJC_ARC = YES;
				CLANG_ENABLE_OBJC_WEAK = YES;
				CLANG_WARN_BLOCK_CAPTURE_AUTORELEASING = YES;
				CLANG_WARN_BOOL_CONVERSION = YES;
				CLANG_WARN_COMMA = YES;
				CLANG_WARN_CONSTANT_CONVERSION = YES;
				CLANG_WARN_DEPRECATED_OBJC_IMPLEMENTATIONS = YES;
				CLANG_WARN_DIRECT_OBJC_ISA_USAGE = YES_ERROR;
				CLANG_WARN_DOCUMENTATION_COMMENTS = YES;
				CLANG_WARN_EMPTY_BODY = YES;
				CLANG_WARN_ENUM_CONVERSION = YES;
				CLANG_WARN_INFINITE_RECURSION = YES;
				CLANG_WARN_INT_CONVERSION = YES;
				CLANG_WARN_NON_LITERAL_NULL_CONVERSION = YES;
				CLANG_WARN_OBJC_IMPLICIT_RETAIN_SELF = YES;
				CLANG_WARN_OBJC_LITERAL_CONVERSION = YES;
				CLANG_WARN_OBJC_ROOT_CLASS = YES_ERROR;
				CLANG_WARN_RANGE_LOOP_ANALYSIS = YES;
				CLANG_WARN_STRICT_PROTOTYPES = YES;
				CLANG_WARN_SUSPICIOUS_MOVE = YES;
				CLANG_WARN_UNGUARDED_AVAILABILITY = YES_AGGRESSIVE;
				CLANG_WARN_UNREACHABLE_CODE = YES;
				CLANG_WARN__DUPLICATE_METHOD_MATCH = YES;
				CODE_SIGN_IDENTITY = "iPhone Developer";
				COPY_PHASE_STRIP = NO;
				DEBUG_INFORMATION_FORMAT = "dwarf-with-dsym";
				ENABLE_NS_ASSERTIONS = NO;
				ENABLE_STRICT_OBJC_MSGSEND = YES;
				GCC_C_LANGUAGE_STANDARD = gnu11;
				GCC_NO_COMMON_BLOCKS = YES;
				GCC_WARN_64_TO_32_BIT_CONVERSION = YES;
				GCC_WARN_ABOUT_RETURN_TYPE = YES_ERROR;
				GCC_WARN_UNDECLARED_SELECTOR = YES;
				GCC_WARN_UNINITIALIZED_AUTOS = YES_AGGRESSIVE;
				GCC_WARN_UNUSED_FUNCTION = YES;
				GCC_WARN_UNUSED_VARIABLE = YES;
				IPHONEOS_DEPLOYMENT_TARGET = 12.4;
				MTL_ENABLE_DEBUG_INFO = NO;
				MTL_FAST_MATH = YES;
				SDKROOT = iphoneos;
				SWIFT_COMPILATION_MODE = wholemodule;
				SWIFT_OPTIMIZATION_LEVEL = "-O";
				VALIDATE_PRODUCT = YES;
			};
			name = Release;
		};
		CEF78EE92320BFFF000E9FC4 /* Debug */ = {
			isa = XCBuildConfiguration;
			baseConfigurationReference = F0C38B0A10EC33A6016688D8 /* Pods-PixelCity.debug.xcconfig */;
			buildSettings = {
				ASSETCATALOG_COMPILER_APPICON_NAME = AppIcon;
				CODE_SIGN_STYLE = Automatic;
				DEVELOPMENT_TEAM = PDY29GF949;
				INFOPLIST_FILE = PixelCity/Info.plist;
				LD_RUNPATH_SEARCH_PATHS = (
					"$(inherited)",
					"@executable_path/Frameworks",
				);
				PRODUCT_BUNDLE_IDENTIFIER = com.gmail.appl.leslie.PixelCity;
				PRODUCT_NAME = "$(TARGET_NAME)";
				SWIFT_VERSION = 5.0;
				TARGETED_DEVICE_FAMILY = "1,2";
			};
			name = Debug;
		};
		CEF78EEA2320BFFF000E9FC4 /* Release */ = {
			isa = XCBuildConfiguration;
			baseConfigurationReference = A31E04B815F9AECBCC45F7A1 /* Pods-PixelCity.release.xcconfig */;
			buildSettings = {
				ASSETCATALOG_COMPILER_APPICON_NAME = AppIcon;
				CODE_SIGN_STYLE = Automatic;
				DEVELOPMENT_TEAM = PDY29GF949;
				INFOPLIST_FILE = PixelCity/Info.plist;
				LD_RUNPATH_SEARCH_PATHS = (
					"$(inherited)",
					"@executable_path/Frameworks",
				);
				PRODUCT_BUNDLE_IDENTIFIER = com.gmail.appl.leslie.PixelCity;
				PRODUCT_NAME = "$(TARGET_NAME)";
				SWIFT_VERSION = 5.0;
				TARGETED_DEVICE_FAMILY = "1,2";
			};
			name = Release;
		};
/* End XCBuildConfiguration section */

/* Begin XCConfigurationList section */
		CEF78ED12320BFFD000E9FC4 /* Build configuration list for PBXProject "PixelCity" */ = {
			isa = XCConfigurationList;
			buildConfigurations = (
				CEF78EE62320BFFF000E9FC4 /* Debug */,
				CEF78EE72320BFFF000E9FC4 /* Release */,
			);
			defaultConfigurationIsVisible = 0;
			defaultConfigurationName = Release;
		};
		CEF78EE82320BFFF000E9FC4 /* Build configuration list for PBXNativeTarget "PixelCity" */ = {
			isa = XCConfigurationList;
			buildConfigurations = (
				CEF78EE92320BFFF000E9FC4 /* Debug */,
				CEF78EEA2320BFFF000E9FC4 /* Release */,
			);
			defaultConfigurationIsVisible = 0;
			defaultConfigurationName = Release;
		};
/* End XCConfigurationList section */
	};
	rootObject = CEF78ECE2320BFFD000E9FC4 /* Project object */;
}
